
Microsoft Visual Studio Solution File, Format Version 12.00
# Visual Studio Version 17
VisualStudioVersion = 17.11.35327.3
MinimumVisualStudioVersion = 10.0.40219.1
Project("{FAE04EC0-301F-11D3-BF4B-00C04F79EFBC}") = "IoCContainer", "IoCContainer\IoCContainer.csproj", "{BD5011C8-6E0B-4181-9668-C3F93FD29C5A}"
EndProject
Project("{FAE04EC0-301F-11D3-BF4B-00C04F79EFBC}") = "MVPExtension", "MVPExtension\MVPExtension.csproj", "{A7B3B565-B3DE-4B12-A928-9FD198D91515}"
EndProject
Project("{9A19103F-16F7-4668-BE54-9A1E7A4F7556}") = "IoCContainer.UnitTests", "IoCContainer.UnitTests\IoCContainer.UnitTests.csproj", "{0F4BDC72-4976-4478-B4D5-438F03AA95AF}"
EndProject
Global
	GlobalSection(SolutionConfigurationPlatforms) = preSolution
		Debug|Any CPU = Debug|Any CPU
		Release|Any CPU = Release|Any CPU
	EndGlobalSection
	GlobalSection(ProjectConfigurationPlatforms) = postSolution
		{BD5011C8-6E0B-4181-9668-C3F93FD29C5A}.Debug|Any CPU.ActiveCfg = Debug|Any CPU
		{BD5011C8-6E0B-4181-9668-C3F93FD29C5A}.Debug|Any CPU.Build.0 = Debug|Any CPU
		{BD5011C8-6E0B-4181-9668-C3F93FD29C5A}.Release|Any CPU.ActiveCfg = Release|Any CPU
		{BD5011C8-6E0B-4181-9668-C3F93FD29C5A}.Release|Any CPU.Build.0 = Release|Any CPU
		{A7B3B565-B3DE-4B12-A928-9FD198D91515}.Debug|Any CPU.ActiveCfg = Debug|Any CPU
		{A7B3B565-B3DE-4B12-A928-9FD198D91515}.Debug|Any CPU.Build.0 = Debug|Any CPU
		{A7B3B565-B3DE-4B12-A928-9FD198D91515}.Release|Any CPU.ActiveCfg = Release|Any CPU
		{A7B3B565-B3DE-4B12-A928-9FD198D91515}.Release|Any CPU.Build.0 = Release|Any CPU
		{0F4BDC72-4976-4478-B4D5-438F03AA95AF}.Debug|Any CPU.ActiveCfg = Debug|Any CPU
		{0F4BDC72-4976-4478-B4D5-438F03AA95AF}.Debug|Any CPU.Build.0 = Debug|Any CPU
		{0F4BDC72-4976-4478-B4D5-438F03AA95AF}.Release|Any CPU.ActiveCfg = Release|Any CPU
		{0F4BDC72-4976-4478-B4D5-438F03AA95AF}.Release|Any CPU.Build.0 = Release|Any CPU
	EndGlobalSection
	GlobalSection(SolutionProperties) = preSolution
		HideSolutionNode = FALSE
	EndGlobalSection
	GlobalSection(ExtensibilityGlobals) = postSolution
		SolutionGuid = {28F254B4-AB4F-4BD3-BBFA-065F790368CD}
	EndGlobalSection
EndGlobal
